// !$*UTF8*$!
{
	archiveVersion = 1;
	classes = {
	};
	objectVersion = 50;
	objects = {

/* Begin PBXBuildFile section */
		83077B37266EBBFD007D3895 /* AppDelegate.swift in Sources */ = {isa = PBXBuildFile; fileRef = 83077B36266EBBFD007D3895 /* AppDelegate.swift */; };
		83077B40266EBBFE007D3895 /* Assets.xcassets in Resources */ = {isa = PBXBuildFile; fileRef = 83077B3F266EBBFE007D3895 /* Assets.xcassets */; };
		83077B43266EBBFE007D3895 /* LaunchScreen.storyboard in Resources */ = {isa = PBXBuildFile; fileRef = 83077B41266EBBFE007D3895 /* LaunchScreen.storyboard */; };
		83077B4E266EBBFE007D3895 /* IOS_CalculatorTests.swift in Sources */ = {isa = PBXBuildFile; fileRef = 83077B4D266EBBFE007D3895 /* IOS_CalculatorTests.swift */; };
		83077B59266EBBFE007D3895 /* IOS_CalculatorUITests.swift in Sources */ = {isa = PBXBuildFile; fileRef = 83077B58266EBBFE007D3895 /* IOS_CalculatorUITests.swift */; };
		83077B78266EF726007D3895 /* HomeViewController.swift in Sources */ = {isa = PBXBuildFile; fileRef = 83077B76266EF726007D3895 /* HomeViewController.swift */; };
		83077B79266EF726007D3895 /* HomeViewController.xib in Resources */ = {isa = PBXBuildFile; fileRef = 83077B77266EF726007D3895 /* HomeViewController.xib */; };
		83077B7B266FEBF9007D3895 /* UIButtonExtension.swift in Sources */ = {isa = PBXBuildFile; fileRef = 83077B7A266FEBF9007D3895 /* UIButtonExtension.swift */; };
/* End PBXBuildFile section */

/* Begin PBXContainerItemProxy section */
		83077B4A266EBBFE007D3895 /* PBXContainerItemProxy */ = {
			isa = PBXContainerItemProxy;
			containerPortal = 83077B2B266EBBFD007D3895 /* Project object */;
			proxyType = 1;
			remoteGlobalIDString = 83077B32266EBBFD007D3895;
			remoteInfo = "IOS-Calculator";
		};
		83077B55266EBBFE007D3895 /* PBXContainerItemProxy */ = {
			isa = PBXContainerItemProxy;
			containerPortal = 83077B2B266EBBFD007D3895 /* Project object */;
			proxyType = 1;
			remoteGlobalIDString = 83077B32266EBBFD007D3895;
			remoteInfo = "IOS-Calculator";
		};
/* End PBXContainerItemProxy section */

/* Begin PBXFileReference section */
		83077B33266EBBFD007D3895 /* IOS-Calculator.app */ = {isa = PBXFileReference; explicitFileType = wrapper.application; includeInIndex = 0; path = "IOS-Calculator.app"; sourceTree = BUILT_PRODUCTS_DIR; };
		83077B36266EBBFD007D3895 /* AppDelegate.swift */ = {isa = PBXFileReference; lastKnownFileType = sourcecode.swift; path = AppDelegate.swift; sourceTree = "<group>"; };
		83077B3F266EBBFE007D3895 /* Assets.xcassets */ = {isa = PBXFileReference; lastKnownFileType = folder.assetcatalog; path = Assets.xcassets; sourceTree = "<group>"; };
		83077B42266EBBFE007D3895 /* Base */ = {isa = PBXFileReference; lastKnownFileType = file.storyboard; name = Base; path = Base.lproj/LaunchScreen.storyboard; sourceTree = "<group>"; };
		83077B44266EBBFE007D3895 /* Info.plist */ = {isa = PBXFileReference; lastKnownFileType = text.plist.xml; path = Info.plist; sourceTree = "<group>"; };
		83077B49266EBBFE007D3895 /* IOS-CalculatorTests.xctest */ = {isa = PBXFileReference; explicitFileType = wrapper.cfbundle; includeInIndex = 0; path = "IOS-CalculatorTests.xctest"; sourceTree = BUILT_PRODUCTS_DIR; };
		83077B4D266EBBFE007D3895 /* IOS_CalculatorTests.swift */ = {isa = PBXFileReference; lastKnownFileType = sourcecode.swift; path = IOS_CalculatorTests.swift; sourceTree = "<group>"; };
		83077B4F266EBBFE007D3895 /* Info.plist */ = {isa = PBXFileReference; lastKnownFileType = text.plist.xml; path = Info.plist; sourceTree = "<group>"; };
		83077B54266EBBFE007D3895 /* IOS-CalculatorUITests.xctest */ = {isa = PBXFileReference; explicitFileType = wrapper.cfbundle; includeInIndex = 0; path = "IOS-CalculatorUITests.xctest"; sourceTree = BUILT_PRODUCTS_DIR; };
		83077B58266EBBFE007D3895 /* IOS_CalculatorUITests.swift */ = {isa = PBXFileReference; lastKnownFileType = sourcecode.swift; path = IOS_CalculatorUITests.swift; sourceTree = "<group>"; };
		83077B5A266EBBFE007D3895 /* Info.plist */ = {isa = PBXFileReference; lastKnownFileType = text.plist.xml; path = Info.plist; sourceTree = "<group>"; };
		83077B76266EF726007D3895 /* HomeViewController.swift */ = {isa = PBXFileReference; lastKnownFileType = sourcecode.swift; path = HomeViewController.swift; sourceTree = "<group>"; };
		83077B77266EF726007D3895 /* HomeViewController.xib */ = {isa = PBXFileReference; lastKnownFileType = file.xib; path = HomeViewController.xib; sourceTree = "<group>"; };
		83077B7A266FEBF9007D3895 /* UIButtonExtension.swift */ = {isa = PBXFileReference; lastKnownFileType = sourcecode.swift; path = UIButtonExtension.swift; sourceTree = "<group>"; };
/* End PBXFileReference section */

/* Begin PBXFrameworksBuildPhase section */
		83077B30266EBBFD007D3895 /* Frameworks */ = {
			isa = PBXFrameworksBuildPhase;
			buildActionMask = 2147483647;
			files = (
			);
			runOnlyForDeploymentPostprocessing = 0;
		};
		83077B46266EBBFE007D3895 /* Frameworks */ = {
			isa = PBXFrameworksBuildPhase;
			buildActionMask = 2147483647;
			files = (
			);
			runOnlyForDeploymentPostprocessing = 0;
		};
		83077B51266EBBFE007D3895 /* Frameworks */ = {
			isa = PBXFrameworksBuildPhase;
			buildActionMask = 2147483647;
			files = (
			);
			runOnlyForDeploymentPostprocessing = 0;
		};
/* End PBXFrameworksBuildPhase section */

/* Begin PBXGroup section */
		83077B2A266EBBFD007D3895 = {
			isa = PBXGroup;
			children = (
				83077B35266EBBFD007D3895 /* IOS-Calculator */,
				83077B4C266EBBFE007D3895 /* IOS-CalculatorTests */,
				83077B57266EBBFE007D3895 /* IOS-CalculatorUITests */,
				83077B34266EBBFD007D3895 /* Products */,
			);
			sourceTree = "<group>";
		};
		83077B34266EBBFD007D3895 /* Products */ = {
			isa = PBXGroup;
			children = (
				83077B33266EBBFD007D3895 /* IOS-Calculator.app */,
				83077B49266EBBFE007D3895 /* IOS-CalculatorTests.xctest */,
				83077B54266EBBFE007D3895 /* IOS-CalculatorUITests.xctest */,
			);
			name = Products;
			sourceTree = "<group>";
		};
		83077B35266EBBFD007D3895 /* IOS-Calculator */ = {
			isa = PBXGroup;
			children = (
				83077B36266EBBFD007D3895 /* AppDelegate.swift */,
				83077B69266EC034007D3895 /* VIew */,
				83077B68266EC02D007D3895 /* Controller */,
				83077B67266EC026007D3895 /* Model */,
				83077B6A266EC04F007D3895 /* Util */,
				83077B66266EBC99007D3895 /* Supporting Files */,
				83077B3F266EBBFE007D3895 /* Assets.xcassets */,
			);
			path = "IOS-Calculator";
			sourceTree = "<group>";
		};
		83077B4C266EBBFE007D3895 /* IOS-CalculatorTests */ = {
			isa = PBXGroup;
			children = (
				83077B4D266EBBFE007D3895 /* IOS_CalculatorTests.swift */,
				83077B4F266EBBFE007D3895 /* Info.plist */,
			);
			path = "IOS-CalculatorTests";
			sourceTree = "<group>";
		};
		83077B57266EBBFE007D3895 /* IOS-CalculatorUITests */ = {
			isa = PBXGroup;
			children = (
				83077B58266EBBFE007D3895 /* IOS_CalculatorUITests.swift */,
				83077B5A266EBBFE007D3895 /* Info.plist */,
			);
			path = "IOS-CalculatorUITests";
			sourceTree = "<group>";
		};
		83077B66266EBC99007D3895 /* Supporting Files */ = {
			isa = PBXGroup;
			children = (
				83077B44266EBBFE007D3895 /* Info.plist */,
			);
			path = "Supporting Files";
			sourceTree = "<group>";
		};
		83077B67266EC026007D3895 /* Model */ = {
			isa = PBXGroup;
			children = (
			);
			path = Model;
			sourceTree = "<group>";
		};
		83077B68266EC02D007D3895 /* Controller */ = {
			isa = PBXGroup;
			children = (
				83077B6D266EC160007D3895 /* Home */,
			);
			path = Controller;
			sourceTree = "<group>";
		};
		83077B69266EC034007D3895 /* VIew */ = {
			isa = PBXGroup;
			children = (
				83077B6B266EC0AC007D3895 /* Launch */,
				83077B6C266EC14D007D3895 /* Home */,
			);
			path = VIew;
			sourceTree = "<group>";
		};
		83077B6A266EC04F007D3895 /* Util */ = {
			isa = PBXGroup;
			children = (
				83077B7A266FEBF9007D3895 /* UIButtonExtension.swift */,
			);
			path = Util;
			sourceTree = "<group>";
		};
		83077B6B266EC0AC007D3895 /* Launch */ = {
			isa = PBXGroup;
			children = (
				83077B41266EBBFE007D3895 /* LaunchScreen.storyboard */,
			);
			path = Launch;
			sourceTree = "<group>";
		};
		83077B6C266EC14D007D3895 /* Home */ = {
			isa = PBXGroup;
			children = (
				83077B77266EF726007D3895 /* HomeViewController.xib */,
			);
			path = Home;
			sourceTree = "<group>";
		};
		83077B6D266EC160007D3895 /* Home */ = {
			isa = PBXGroup;
			children = (
				83077B76266EF726007D3895 /* HomeViewController.swift */,
			);
			path = Home;
			sourceTree = "<group>";
		};
/* End PBXGroup section */

/* Begin PBXNativeTarget section */
		83077B32266EBBFD007D3895 /* IOS-Calculator */ = {
			isa = PBXNativeTarget;
			buildConfigurationList = 83077B5D266EBBFE007D3895 /* Build configuration list for PBXNativeTarget "IOS-Calculator" */;
			buildPhases = (
				83077B2F266EBBFD007D3895 /* Sources */,
				83077B30266EBBFD007D3895 /* Frameworks */,
				83077B31266EBBFD007D3895 /* Resources */,
			);
			buildRules = (
			);
			dependencies = (
			);
			name = "IOS-Calculator";
			productName = "IOS-Calculator";
			productReference = 83077B33266EBBFD007D3895 /* IOS-Calculator.app */;
			productType = "com.apple.product-type.application";
		};
		83077B48266EBBFE007D3895 /* IOS-CalculatorTests */ = {
			isa = PBXNativeTarget;
			buildConfigurationList = 83077B60266EBBFE007D3895 /* Build configuration list for PBXNativeTarget "IOS-CalculatorTests" */;
			buildPhases = (
				83077B45266EBBFE007D3895 /* Sources */,
				83077B46266EBBFE007D3895 /* Frameworks */,
				83077B47266EBBFE007D3895 /* Resources */,
			);
			buildRules = (
			);
			dependencies = (
				83077B4B266EBBFE007D3895 /* PBXTargetDependency */,
			);
			name = "IOS-CalculatorTests";
			productName = "IOS-CalculatorTests";
			productReference = 83077B49266EBBFE007D3895 /* IOS-CalculatorTests.xctest */;
			productType = "com.apple.product-type.bundle.unit-test";
		};
		83077B53266EBBFE007D3895 /* IOS-CalculatorUITests */ = {
			isa = PBXNativeTarget;
			buildConfigurationList = 83077B63266EBBFE007D3895 /* Build configuration list for PBXNativeTarget "IOS-CalculatorUITests" */;
			buildPhases = (
				83077B50266EBBFE007D3895 /* Sources */,
				83077B51266EBBFE007D3895 /* Frameworks */,
				83077B52266EBBFE007D3895 /* Resources */,
			);
			buildRules = (
			);
			dependencies = (
				83077B56266EBBFE007D3895 /* PBXTargetDependency */,
			);
			name = "IOS-CalculatorUITests";
			productName = "IOS-CalculatorUITests";
			productReference = 83077B54266EBBFE007D3895 /* IOS-CalculatorUITests.xctest */;
			productType = "com.apple.product-type.bundle.ui-testing";
		};
/* End PBXNativeTarget section */

/* Begin PBXProject section */
		83077B2B266EBBFD007D3895 /* Project object */ = {
			isa = PBXProject;
			attributes = {
				LastSwiftUpdateCheck = 1250;
				LastUpgradeCheck = 1250;
				TargetAttributes = {
					83077B32266EBBFD007D3895 = {
						CreatedOnToolsVersion = 12.5;
					};
					83077B48266EBBFE007D3895 = {
						CreatedOnToolsVersion = 12.5;
						TestTargetID = 83077B32266EBBFD007D3895;
					};
					83077B53266EBBFE007D3895 = {
						CreatedOnToolsVersion = 12.5;
						TestTargetID = 83077B32266EBBFD007D3895;
					};
				};
			};
			buildConfigurationList = 83077B2E266EBBFD007D3895 /* Build configuration list for PBXProject "IOS-Calculator" */;
			compatibilityVersion = "Xcode 9.3";
			developmentRegion = en;
			hasScannedForEncodings = 0;
			knownRegions = (
				en,
				Base,
			);
			mainGroup = 83077B2A266EBBFD007D3895;
			productRefGroup = 83077B34266EBBFD007D3895 /* Products */;
			projectDirPath = "";
			projectRoot = "";
			targets = (
				83077B32266EBBFD007D3895 /* IOS-Calculator */,
				83077B48266EBBFE007D3895 /* IOS-CalculatorTests */,
				83077B53266EBBFE007D3895 /* IOS-CalculatorUITests */,
			);
		};
/* End PBXProject section */

/* Begin PBXResourcesBuildPhase section */
		83077B31266EBBFD007D3895 /* Resources */ = {
			isa = PBXResourcesBuildPhase;
			buildActionMask = 2147483647;
			files = (
				83077B43266EBBFE007D3895 /* LaunchScreen.storyboard in Resources */,
				83077B40266EBBFE007D3895 /* Assets.xcassets in Resources */,
				83077B79266EF726007D3895 /* HomeViewController.xib in Resources */,
			);
			runOnlyForDeploymentPostprocessing = 0;
		};
		83077B47266EBBFE007D3895 /* Resources */ = {
			isa = PBXResourcesBuildPhase;
			buildActionMask = 2147483647;
			files = (
			);
			runOnlyForDeploymentPostprocessing = 0;
		};
		83077B52266EBBFE007D3895 /* Resources */ = {
			isa = PBXResourcesBuildPhase;
			buildActionMask = 2147483647;
			files = (
			);
			runOnlyForDeploymentPostprocessing = 0;
		};
/* End PBXResourcesBuildPhase section */

/* Begin PBXSourcesBuildPhase section */
		83077B2F266EBBFD007D3895 /* Sources */ = {
			isa = PBXSourcesBuildPhase;
			buildActionMask = 2147483647;
			files = (
				83077B37266EBBFD007D3895 /* AppDelegate.swift in Sources */,
				83077B78266EF726007D3895 /* HomeViewController.swift in Sources */,
				83077B7B266FEBF9007D3895 /* UIButtonExtension.swift in Sources */,
			);
			runOnlyForDeploymentPostprocessing = 0;
		};
		83077B45266EBBFE007D3895 /* Sources */ = {
			isa = PBXSourcesBuildPhase;
			buildActionMask = 2147483647;
			files = (
				83077B4E266EBBFE007D3895 /* IOS_CalculatorTests.swift in Sources */,
			);
			runOnlyForDeploymentPostprocessing = 0;
		};
		83077B50266EBBFE007D3895 /* Sources */ = {
			isa = PBXSourcesBuildPhase;
			buildActionMask = 2147483647;
			files = (
				83077B59266EBBFE007D3895 /* IOS_CalculatorUITests.swift in Sources */,
			);
			runOnlyForDeploymentPostprocessing = 0;
		};
/* End PBXSourcesBuildPhase section */

/* Begin PBXTargetDependency section */
		83077B4B266EBBFE007D3895 /* PBXTargetDependency */ = {
			isa = PBXTargetDependency;
			target = 83077B32266EBBFD007D3895 /* IOS-Calculator */;
			targetProxy = 83077B4A266EBBFE007D3895 /* PBXContainerItemProxy */;
		};
		83077B56266EBBFE007D3895 /* PBXTargetDependency */ = {
			isa = PBXTargetDependency;
			target = 83077B32266EBBFD007D3895 /* IOS-Calculator */;
			targetProxy = 83077B55266EBBFE007D3895 /* PBXContainerItemProxy */;
		};
/* End PBXTargetDependency section */

/* Begin PBXVariantGroup section */
		83077B41266EBBFE007D3895 /* LaunchScreen.storyboard */ = {
			isa = PBXVariantGroup;
			children = (
				83077B42266EBBFE007D3895 /* Base */,
			);
			name = LaunchScreen.storyboard;
			sourceTree = "<group>";
		};
/* End PBXVariantGroup section */

/* Begin XCBuildConfiguration section */
		83077B5B266EBBFE007D3895 /* Debug */ = {
			isa = XCBuildConfiguration;
			buildSettings = {
				ALWAYS_SEARCH_USER_PATHS = NO;
				CLANG_ANALYZER_NONNULL = YES;
				CLANG_ANALYZER_NUMBER_OBJECT_CONVERSION = YES_AGGRESSIVE;
				CLANG_CXX_LANGUAGE_STANDARD = "gnu++14";
				CLANG_CXX_LIBRARY = "libc++";
				CLANG_ENABLE_MODULES = YES;
				CLANG_ENABLE_OBJC_ARC = YES;
				CLANG_ENABLE_OBJC_WEAK = YES;
				CLANG_WARN_BLOCK_CAPTURE_AUTORELEASING = YES;
				CLANG_WARN_BOOL_CONVERSION = YES;
				CLANG_WARN_COMMA = YES;
				CLANG_WARN_CONSTANT_CONVERSION = YES;
				CLANG_WARN_DEPRECATED_OBJC_IMPLEMENTATIONS = YES;
				CLANG_WARN_DIRECT_OBJC_ISA_USAGE = YES_ERROR;
				CLANG_WARN_DOCUMENTATION_COMMENTS = YES;
				CLANG_WARN_EMPTY_BODY = YES;
				CLANG_WARN_ENUM_CONVERSION = YES;
				CLANG_WARN_INFINITE_RECURSION = YES;
				CLANG_WARN_INT_CONVERSION = YES;
				CLANG_WARN_NON_LITERAL_NULL_CONVERSION = YES;
				CLANG_WARN_OBJC_IMPLICIT_RETAIN_SELF = YES;
				CLANG_WARN_OBJC_LITERAL_CONVERSION = YES;
				CLANG_WARN_OBJC_ROOT_CLASS = YES_ERROR;
				CLANG_WARN_QUOTED_INCLUDE_IN_FRAMEWORK_HEADER = YES;
				CLANG_WARN_RANGE_LOOP_ANALYSIS = YES;
				CLANG_WARN_STRICT_PROTOTYPES = YES;
				CLANG_WARN_SUSPICIOUS_MOVE = YES;
				CLANG_WARN_UNGUARDED_AVAILABILITY = YES_AGGRESSIVE;
				CLANG_WARN_UNREACHABLE_CODE = YES;
				CLANG_WARN__DUPLICATE_METHOD_MATCH = YES;
				COPY_PHASE_STRIP = NO;
				DEBUG_INFORMATION_FORMAT = dwarf;
				ENABLE_STRICT_OBJC_MSGSEND = YES;
				ENABLE_TESTABILITY = YES;
				GCC_C_LANGUAGE_STANDARD = gnu11;
				GCC_DYNAMIC_NO_PIC = NO;
				GCC_NO_COMMON_BLOCKS = YES;
				GCC_OPTIMIZATION_LEVEL = 0;
				GCC_PREPROCESSOR_DEFINITIONS = (
					"DEBUG=1",
					"$(inherited)",
				);
				GCC_WARN_64_TO_32_BIT_CONVERSION = YES;
				GCC_WARN_ABOUT_RETURN_TYPE = YES_ERROR;
				GCC_WARN_UNDECLARED_SELECTOR = YES;
				GCC_WARN_UNINITIALIZED_AUTOS = YES_AGGRESSIVE;
				GCC_WARN_UNUSED_FUNCTION = YES;
				GCC_WARN_UNUSED_VARIABLE = YES;
				IPHONEOS_DEPLOYMENT_TARGET = 10.0;
				MTL_ENABLE_DEBUG_INFO = INCLUDE_SOURCE;
				MTL_FAST_MATH = YES;
				ONLY_ACTIVE_ARCH = YES;
				SDKROOT = iphoneos;
				SWIFT_ACTIVE_COMPILATION_CONDITIONS = DEBUG;
				SWIFT_OPTIMIZATION_LEVEL = "-Onone";
			};
			name = Debug;
		};
		83077B5C266EBBFE007D3895 /* Release */ = {
			isa = XCBuildConfiguration;
			buildSettings = {
				ALWAYS_SEARCH_USER_PATHS = NO;
				CLANG_ANALYZER_NONNULL = YES;
				CLANG_ANALYZER_NUMBER_OBJECT_CONVERSION = YES_AGGRESSIVE;
				CLANG_CXX_LANGUAGE_STANDARD = "gnu++14";
				CLANG_CXX_LIBRARY = "libc++";
				CLANG_ENABLE_MODULES = YES;
				CLANG_ENABLE_OBJC_ARC = YES;
				CLANG_ENABLE_OBJC_WEAK = YES;
				CLANG_WARN_BLOCK_CAPTURE_AUTORELEASING = YES;
				CLANG_WARN_BOOL_CONVERSION = YES;
				CLANG_WARN_COMMA = YES;
				CLANG_WARN_CONSTANT_CONVERSION = YES;
				CLANG_WARN_DEPRECATED_OBJC_IMPLEMENTATIONS = YES;
				CLANG_WARN_DIRECT_OBJC_ISA_USAGE = YES_ERROR;
				CLANG_WARN_DOCUMENTATION_COMMENTS = YES;
				CLANG_WARN_EMPTY_BODY = YES;
				CLANG_WARN_ENUM_CONVERSION = YES;
				CLANG_WARN_INFINITE_RECURSION = YES;
				CLANG_WARN_INT_CONVERSION = YES;
				CLANG_WARN_NON_LITERAL_NULL_CONVERSION = YES;
				CLANG_WARN_OBJC_IMPLICIT_RETAIN_SELF = YES;
				CLANG_WARN_OBJC_LITERAL_CONVERSION = YES;
				CLANG_WARN_OBJC_ROOT_CLASS = YES_ERROR;
				CLANG_WARN_QUOTED_INCLUDE_IN_FRAMEWORK_HEADER = YES;
				CLANG_WARN_RANGE_LOOP_ANALYSIS = YES;
				CLANG_WARN_STRICT_PROTOTYPES = YES;
				CLANG_WARN_SUSPICIOUS_MOVE = YES;
				CLANG_WARN_UNGUARDED_AVAILABILITY = YES_AGGRESSIVE;
				CLANG_WARN_UNREACHABLE_CODE = YES;
				CLANG_WARN__DUPLICATE_METHOD_MATCH = YES;
				COPY_PHASE_STRIP = NO;
				DEBUG_INFORMATION_FORMAT = "dwarf-with-dsym";
				ENABLE_NS_ASSERTIONS = NO;
				ENABLE_STRICT_OBJC_MSGSEND = YES;
				GCC_C_LANGUAGE_STANDARD = gnu11;
				GCC_NO_COMMON_BLOCKS = YES;
				GCC_WARN_64_TO_32_BIT_CONVERSION = YES;
				GCC_WARN_ABOUT_RETURN_TYPE = YES_ERROR;
				GCC_WARN_UNDECLARED_SELECTOR = YES;
				GCC_WARN_UNINITIALIZED_AUTOS = YES_AGGRESSIVE;
				GCC_WARN_UNUSED_FUNCTION = YES;
				GCC_WARN_UNUSED_VARIABLE = YES;
				IPHONEOS_DEPLOYMENT_TARGET = 10.0;
				MTL_ENABLE_DEBUG_INFO = NO;
				MTL_FAST_MATH = YES;
				SDKROOT = iphoneos;
				SWIFT_COMPILATION_MODE = wholemodule;
				SWIFT_OPTIMIZATION_LEVEL = "-O";
				VALIDATE_PRODUCT = YES;
			};
			name = Release;
		};
		83077B5E266EBBFE007D3895 /* Debug */ = {
			isa = XCBuildConfiguration;
			buildSettings = {
				ASSETCATALOG_COMPILER_APPICON_NAME = AppIcon;
				ASSETCATALOG_COMPILER_GLOBAL_ACCENT_COLOR_NAME = AccentColor;
				CODE_SIGN_STYLE = Automatic;
				DEVELOPMENT_TEAM = 4522S96VNF;
				INFOPLIST_FILE = "IOS-Calculator/Supporting Files/Info.plist";
				LD_RUNPATH_SEARCH_PATHS = (
					"$(inherited)",
					"@executable_path/Frameworks",
				);
				PRODUCT_BUNDLE_IDENTIFIER = "com.gabo.IOS-Calculator";
				PRODUCT_NAME = "$(TARGET_NAME)";
				SWIFT_VERSION = 5.0;
				TARGETED_DEVICE_FAMILY = "1,2";
			};
			name = Debug;
		};
		83077B5F266EBBFE007D3895 /* Release */ = {
			isa = XCBuildConfiguration;
			buildSettings = {
				ASSETCATALOG_COMPILER_APPICON_NAME = AppIcon;
				ASSETCATALOG_COMPILER_GLOBAL_ACCENT_COLOR_NAME = AccentColor;
				CODE_SIGN_STYLE = Automatic;
				DEVELOPMENT_TEAM = 4522S96VNF;
				INFOPLIST_FILE = "IOS-Calculator/Supporting Files/Info.plist";
				LD_RUNPATH_SEARCH_PATHS = (
					"$(inherited)",
					"@executable_path/Frameworks",
				);
				PRODUCT_BUNDLE_IDENTIFIER = "com.gabo.IOS-Calculator";
				PRODUCT_NAME = "$(TARGET_NAME)";
				SWIFT_VERSION = 5.0;
				TARGETED_DEVICE_FAMILY = "1,2";
			};
			name = Release;
		};
		83077B61266EBBFE007D3895 /* Debug */ = {
			isa = XCBuildConfiguration;
			buildSettings = {
				ALWAYS_EMBED_SWIFT_STANDARD_LIBRARIES = YES;
				BUNDLE_LOADER = "$(TEST_HOST)";
				CODE_SIGN_STYLE = Automatic;
				DEVELOPMENT_TEAM = 4522S96VNF;
				INFOPLIST_FILE = "IOS-CalculatorTests/Info.plist";
				IPHONEOS_DEPLOYMENT_TARGET = 14.5;
				LD_RUNPATH_SEARCH_PATHS = (
					"$(inherited)",
					"@executable_path/Frameworks",
					"@loader_path/Frameworks",
				);
				PRODUCT_BUNDLE_IDENTIFIER = "com.gabo.IOS-CalculatorTests";
				PRODUCT_NAME = "$(TARGET_NAME)";
				SWIFT_VERSION = 5.0;
				TARGETED_DEVICE_FAMILY = "1,2";
				TEST_HOST = "$(BUILT_PRODUCTS_DIR)/IOS-Calculator.app/IOS-Calculator";
			};
			name = Debug;
		};
		83077B62266EBBFE007D3895 /* Release */ = {
			isa = XCBuildConfiguration;
			buildSettings = {
				ALWAYS_EMBED_SWIFT_STANDARD_LIBRARIES = YES;
				BUNDLE_LOADER = "$(TEST_HOST)";
				CODE_SIGN_STYLE = Automatic;
				DEVELOPMENT_TEAM = 4522S96VNF;
				INFOPLIST_FILE = "IOS-CalculatorTests/Info.plist";
				IPHONEOS_DEPLOYMENT_TARGET = 14.5;
				LD_RUNPATH_SEARCH_PATHS = (
					"$(inherited)",
					"@executable_path/Frameworks",
					"@loader_path/Frameworks",
				);
				PRODUCT_BUNDLE_IDENTIFIER = "com.gabo.IOS-CalculatorTests";
				PRODUCT_NAME = "$(TARGET_NAME)";
				SWIFT_VERSION = 5.0;
				TARGETED_DEVICE_FAMILY = "1,2";
				TEST_HOST = "$(BUILT_PRODUCTS_DIR)/IOS-Calculator.app/IOS-Calculator";
			};
			name = Release;
		};
		83077B64266EBBFE007D3895 /* Debug */ = {
			isa = XCBuildConfiguration;
			buildSettings = {
				ALWAYS_EMBED_SWIFT_STANDARD_LIBRARIES = YES;
				CODE_SIGN_STYLE = Automatic;
				DEVELOPMENT_TEAM = 4522S96VNF;
				INFOPLIST_FILE = "IOS-CalculatorUITests/Info.plist";
				LD_RUNPATH_SEARCH_PATHS = (
					"$(inherited)",
					"@executable_path/Frameworks",
					"@loader_path/Frameworks",
				);
				PRODUCT_BUNDLE_IDENTIFIER = "com.gabo.IOS-CalculatorUITests";
				PRODUCT_NAME = "$(TARGET_NAME)";
				SWIFT_VERSION = 5.0;
				TARGETED_DEVICE_FAMILY = "1,2";
				TEST_TARGET_NAME = "IOS-Calculator";
			};
			name = Debug;
		};
		83077B65266EBBFE007D3895 /* Release */ = {
			isa = XCBuildConfiguration;
			buildSettings = {
				ALWAYS_EMBED_SWIFT_STANDARD_LIBRARIES = YES;
				CODE_SIGN_STYLE = Automatic;
				DEVELOPMENT_TEAM = 4522S96VNF;
				INFOPLIST_FILE = "IOS-CalculatorUITests/Info.plist";
				LD_RUNPATH_SEARCH_PATHS = (
					"$(inherited)",
					"@executable_path/Frameworks",
					"@loader_path/Frameworks",
				);
				PRODUCT_BUNDLE_IDENTIFIER = "com.gabo.IOS-CalculatorUITests";
				PRODUCT_NAME = "$(TARGET_NAME)";
				SWIFT_VERSION = 5.0;
				TARGETED_DEVICE_FAMILY = "1,2";
				TEST_TARGET_NAME = "IOS-Calculator";
			};
			name = Release;
		};
/* End XCBuildConfiguration section */

/* Begin XCConfigurationList section */
		83077B2E266EBBFD007D3895 /* Build configuration list for PBXProject "IOS-Calculator" */ = {
			isa = XCConfigurationList;
			buildConfigurations = (
				83077B5B266EBBFE007D3895 /* Debug */,
				83077B5C266EBBFE007D3895 /* Release */,
			);
			defaultConfigurationIsVisible = 0;
			defaultConfigurationName = Release;
		};
		83077B5D266EBBFE007D3895 /* Build configuration list for PBXNativeTarget "IOS-Calculator" */ = {
			isa = XCConfigurationList;
			buildConfigurations = (
				83077B5E266EBBFE007D3895 /* Debug */,
				83077B5F266EBBFE007D3895 /* Release */,
			);
			defaultConfigurationIsVisible = 0;
			defaultConfigurationName = Release;
		};
		83077B60266EBBFE007D3895 /* Build configuration list for PBXNativeTarget "IOS-CalculatorTests" */ = {
			isa = XCConfigurationList;
			buildConfigurations = (
				83077B61266EBBFE007D3895 /* Debug */,
				83077B62266EBBFE007D3895 /* Release */,
			);
			defaultConfigurationIsVisible = 0;
			defaultConfigurationName = Release;
		};
		83077B63266EBBFE007D3895 /* Build configuration list for PBXNativeTarget "IOS-CalculatorUITests" */ = {
			isa = XCConfigurationList;
			buildConfigurations = (
				83077B64266EBBFE007D3895 /* Debug */,
				83077B65266EBBFE007D3895 /* Release */,
			);
			defaultConfigurationIsVisible = 0;
			defaultConfigurationName = Release;
		};
/* End XCConfigurationList section */
	};
	rootObject = 83077B2B266EBBFD007D3895 /* Project object */;
}
